
Microsoft Visual Studio Solution File, Format Version 12.00
Project("{FAE04EC0-301F-11D3-BF4B-00C04F79EFBC}") = "Assembler", "Assembler\Assembler.csproj", "{E8F9C573-6C35-4C59-9FF9-3BA6B5C5C8B7}"
EndProject
Project("{FAE04EC0-301F-11D3-BF4B-00C04F79EFBC}") = "Assembler.Tests", "Assembler.Tests\Assembler.Tests.csproj", "{7FA19E0F-1B3E-48C1-9192-497F47760382}"
EndProject
Project("{FAE04EC0-301F-11D3-BF4B-00C04F79EFBC}") = "Assembler.Cli", "Assembler.Cli\Assembler.Cli.csproj", "{D97BA072-31FA-4F67-859A-71C518AA5928}"
EndProject
Project("{FAE04EC0-301F-11D3-BF4B-00C04F79EFBC}") = "Emulator", "Emulator\Emulator.csproj", "{78D1B48B-AF16-4E2E-AE01-51F74E8BD10F}"
EndProject
Project("{FAE04EC0-301F-11D3-BF4B-00C04F79EFBC}") = "Emulator.Tests", "Emulator.Tests\Emulator.Tests.csproj", "{981E1C94-1014-465C-B6A0-940E8E5BFA67}"
EndProject
Project("{FAE04EC0-301F-11D3-BF4B-00C04F79EFBC}") = "Assembler.Antlr", "Assembler.Antlr\Assembler.Antlr.csproj", "{0104B4FA-98FE-4414-8BDE-676D514A311D}"
EndProject
Global
	GlobalSection(SolutionConfigurationPlatforms) = preSolution
		Debug|Any CPU = Debug|Any CPU
		Release|Any CPU = Release|Any CPU
	EndGlobalSection
	GlobalSection(ProjectConfigurationPlatforms) = postSolution
		{E8F9C573-6C35-4C59-9FF9-3BA6B5C5C8B7}.Debug|Any CPU.ActiveCfg = Debug|Any CPU
		{E8F9C573-6C35-4C59-9FF9-3BA6B5C5C8B7}.Debug|Any CPU.Build.0 = Debug|Any CPU
		{E8F9C573-6C35-4C59-9FF9-3BA6B5C5C8B7}.Release|Any CPU.ActiveCfg = Release|Any CPU
		{E8F9C573-6C35-4C59-9FF9-3BA6B5C5C8B7}.Release|Any CPU.Build.0 = Release|Any CPU
		{7FA19E0F-1B3E-48C1-9192-497F47760382}.Debug|Any CPU.ActiveCfg = Debug|Any CPU
		{7FA19E0F-1B3E-48C1-9192-497F47760382}.Debug|Any CPU.Build.0 = Debug|Any CPU
		{7FA19E0F-1B3E-48C1-9192-497F47760382}.Release|Any CPU.ActiveCfg = Release|Any CPU
		{7FA19E0F-1B3E-48C1-9192-497F47760382}.Release|Any CPU.Build.0 = Release|Any CPU
		{D97BA072-31FA-4F67-859A-71C518AA5928}.Debug|Any CPU.ActiveCfg = Debug|Any CPU
		{D97BA072-31FA-4F67-859A-71C518AA5928}.Debug|Any CPU.Build.0 = Debug|Any CPU
		{D97BA072-31FA-4F67-859A-71C518AA5928}.Release|Any CPU.ActiveCfg = Release|Any CPU
		{D97BA072-31FA-4F67-859A-71C518AA5928}.Release|Any CPU.Build.0 = Release|Any CPU
		{78D1B48B-AF16-4E2E-AE01-51F74E8BD10F}.Debug|Any CPU.ActiveCfg = Debug|Any CPU
		{78D1B48B-AF16-4E2E-AE01-51F74E8BD10F}.Debug|Any CPU.Build.0 = Debug|Any CPU
		{78D1B48B-AF16-4E2E-AE01-51F74E8BD10F}.Release|Any CPU.ActiveCfg = Release|Any CPU
		{78D1B48B-AF16-4E2E-AE01-51F74E8BD10F}.Release|Any CPU.Build.0 = Release|Any CPU
		{981E1C94-1014-465C-B6A0-940E8E5BFA67}.Debug|Any CPU.ActiveCfg = Debug|Any CPU
		{981E1C94-1014-465C-B6A0-940E8E5BFA67}.Debug|Any CPU.Build.0 = Debug|Any CPU
		{981E1C94-1014-465C-B6A0-940E8E5BFA67}.Release|Any CPU.ActiveCfg = Release|Any CPU
		{981E1C94-1014-465C-B6A0-940E8E5BFA67}.Release|Any CPU.Build.0 = Release|Any CPU
		{0104B4FA-98FE-4414-8BDE-676D514A311D}.Debug|Any CPU.ActiveCfg = Debug|Any CPU
		{0104B4FA-98FE-4414-8BDE-676D514A311D}.Debug|Any CPU.Build.0 = Debug|Any CPU
		{0104B4FA-98FE-4414-8BDE-676D514A311D}.Release|Any CPU.ActiveCfg = Release|Any CPU
		{0104B4FA-98FE-4414-8BDE-676D514A311D}.Release|Any CPU.Build.0 = Release|Any CPU
	EndGlobalSection
EndGlobal
